<?xml version="1.0" encoding="utf-8"?>
<Project ToolsVersion="4.0" xmlns="http://schemas.microsoft.com/developer/msbuild/2003">
  <ItemGroup>
    <Filter Include="Game Files">
      <UniqueIdentifier>{78f42027-c3e5-4ba6-a5f6-a355bce5032b}</UniqueIdentifier>
    </Filter>
    <Filter Include="Game Files\Components">
      <UniqueIdentifier>{e533416f-2046-45ff-b473-4ce2235ed2a0}</UniqueIdentifier>
    </Filter>
    <Filter Include="Engine Files">
      <UniqueIdentifier>{4FC737F1-C7A5-4376-A066-2A32D752A2FF}</UniqueIdentifier>
      <Extensions>cpp;c;cc;cxx;def;odl;idl;hpj;bat;asm;asmx</Extensions>
    </Filter>
    <Filter Include="Engine Files\Input">
      <UniqueIdentifier>{2e170fe4-c2e6-4553-9ebd-69084c6d4799}</UniqueIdentifier>
    </Filter>
    <Filter Include="Engine Files\Rendering">
      <UniqueIdentifier>{ddb74285-784f-4033-8a97-a46110649440}</UniqueIdentifier>
    </Filter>
    <Filter Include="Engine Files\Scene">
      <UniqueIdentifier>{c4a3f1ab-4ee3-4f11-9d8c-43f205cc3b40}</UniqueIdentifier>
    </Filter>
    <Filter Include="Other Files">
      <UniqueIdentifier>{93995380-89BD-4b04-88EB-625FBE52EBFB}</UniqueIdentifier>
      <Extensions>h;hh;hpp;hxx;hm;inl;inc;xsd</Extensions>
    </Filter>
    <Filter Include="Engine Files\Rendering\ImGui Files">
      <UniqueIdentifier>{4fc33164-9700-4514-8729-c8ebb606fafb}</UniqueIdentifier>
    </Filter>
    <Filter Include="Engine Files\Input\Commands">
      <UniqueIdentifier>{870c4db0-9c94-404b-b6d5-1753a8025371}</UniqueIdentifier>
    </Filter>
    <Filter Include="Engine Files\MainFiles">
      <UniqueIdentifier>{af3bdd13-5aab-415d-b912-665f855915ec}</UniqueIdentifier>
    </Filter>
    <Filter Include="Game Files\GameObjects">
      <UniqueIdentifier>{c9b1459b-c664-4bb3-8c46-9e4998ee4223}</UniqueIdentifier>
    </Filter>
    <Filter Include="Map">
      <UniqueIdentifier>{57b6ff21-1764-42f3-b885-face8063448c}</UniqueIdentifier>
    </Filter>
    <Filter Include="SoundSystem">
      <UniqueIdentifier>{f62c9ca4-b6c1-438c-a576-65dd45c4a744}</UniqueIdentifier>
    </Filter>
    <Filter Include="SoundSystem\logging">
      <UniqueIdentifier>{f62082ef-2abf-47ae-838a-1ed74dda5dab}</UniqueIdentifier>
    </Filter>
  </ItemGroup>
  <ItemGroup>
    <ClInclude Include="Singleton.h">
      <Filter>Other Files</Filter>
    </ClInclude>
    <ClInclude Include="RenderComponent.h">
      <Filter>Game Files\Components</Filter>
    </ClInclude>
    <ClInclude Include="FPSComponent.h">
      <Filter>Game Files\Components</Filter>
    </ClInclude>
    <ClInclude Include="Component.h">
      <Filter>Game Files\Components</Filter>
    </ClInclude>
    <ClInclude Include="TextComponent.h">
      <Filter>Game Files\Components</Filter>
    </ClInclude>
    <ClInclude Include="imstb_truetype.h">
      <Filter>Engine Files\Rendering\ImGui Files</Filter>
    </ClInclude>
    <ClInclude Include="imconfig.h">
      <Filter>Engine Files\Rendering\ImGui Files</Filter>
    </ClInclude>
    <ClInclude Include="imgui.h">
      <Filter>Engine Files\Rendering\ImGui Files</Filter>
    </ClInclude>
    <ClInclude Include="imgui_impl_opengl2.h">
      <Filter>Engine Files\Rendering\ImGui Files</Filter>
    </ClInclude>
    <ClInclude Include="imgui_impl_sdl2.h">
      <Filter>Engine Files\Rendering\ImGui Files</Filter>
    </ClInclude>
    <ClInclude Include="imgui_internal.h">
      <Filter>Engine Files\Rendering\ImGui Files</Filter>
    </ClInclude>
    <ClInclude Include="imstb_rectpack.h">
      <Filter>Engine Files\Rendering\ImGui Files</Filter>
    </ClInclude>
    <ClInclude Include="imstb_textedit.h">
      <Filter>Engine Files\Rendering\ImGui Files</Filter>
    </ClInclude>
    <ClInclude Include="GameObject.h">
      <Filter>Game Files</Filter>
    </ClInclude>
    <ClInclude Include="GraphComponent.h">
      <Filter>Game Files\Components</Filter>
    </ClInclude>
    <ClInclude Include="CombinedGraphComponent.h">
      <Filter>Game Files\Components</Filter>
    </ClInclude>
    <ClInclude Include="Scene.h">
      <Filter>Engine Files\Scene</Filter>
    </ClInclude>
    <ClInclude Include="SceneManager.h">
      <Filter>Engine Files\Scene</Filter>
    </ClInclude>
    <ClInclude Include="Renderer.h">
      <Filter>Engine Files\Rendering</Filter>
    </ClInclude>
    <ClInclude Include="Texture2D.h">
      <Filter>Engine Files\Rendering</Filter>
    </ClInclude>
    <ClInclude Include="Transform.h">
      <Filter>Game Files</Filter>
    </ClInclude>
    <ClInclude Include="Font.h">
      <Filter>Engine Files\Rendering</Filter>
    </ClInclude>
    <ClInclude Include="InputManager.h">
      <Filter>Engine Files\Input</Filter>
    </ClInclude>
    <ClInclude Include="imgui_plot.h">
      <Filter>Engine Files\Rendering\ImGui Files</Filter>
    </ClInclude>
    <ClInclude Include="ResourceManager.h">
      <Filter>Engine Files\Rendering</Filter>
    </ClInclude>
    <ClInclude Include="Controller.h">
      <Filter>Engine Files\Input</Filter>
    </ClInclude>
    <ClInclude Include="Command.h">
      <Filter>Engine Files\Input\Commands</Filter>
    </ClInclude>
    <ClInclude Include="Keyboard.h">
      <Filter>Engine Files\Input</Filter>
    </ClInclude>
    <ClInclude Include="AnimationComponent.h">
      <Filter>Game Files\Components</Filter>
    </ClInclude>
    <ClInclude Include="ToggleMuteCommand.h">
      <Filter>Engine Files\Input\Commands</Filter>
    </ClInclude>
    <ClInclude Include="Minigin.h">
      <Filter>Engine Files\MainFiles</Filter>
    </ClInclude>
    <ClInclude Include="SoundSystem.h">
      <Filter>SoundSystem</Filter>
    </ClInclude>
    <ClInclude Include="Audio.h">
      <Filter>SoundSystem</Filter>
    </ClInclude>
    <ClInclude Include="SDL_SoundSystem.h">
      <Filter>SoundSystem</Filter>
    </ClInclude>
    <ClInclude Include="EventManager.h">
      <Filter>SoundSystem</Filter>
    </ClInclude>
    <ClInclude Include="QueueEvent.h">
      <Filter>SoundSystem</Filter>
    </ClInclude>
    <ClInclude Include="EventQueue.h">
      <Filter>SoundSystem</Filter>
    </ClInclude>
    <ClInclude Include="EventListener.h">
      <Filter>SoundSystem</Filter>
    </ClInclude>
    <ClInclude Include="LoggingSystem.h">
      <Filter>SoundSystem\logging</Filter>
    </ClInclude>
    <ClInclude Include="Logger.h">
      <Filter>SoundSystem\logging</Filter>
    </ClInclude>
    <ClInclude Include="staticHeader.h">
      <Filter>Other Files</Filter>
    </ClInclude>
    <ClInclude Include="CollisionComponent.h">
      <Filter>Other Files</Filter>
    </ClInclude>
    <ClInclude Include="CollisionWithComponent.h">
      <Filter>Other Files</Filter>
    </ClInclude>
    <ClInclude Include="DelegateBase.h">
      <Filter>Other Files</Filter>
    </ClInclude>
    <ClInclude Include="Command1D.h">
      <Filter>Other Files</Filter>
    </ClInclude>
    <ClInclude Include="Command2D.h">
      <Filter>Other Files</Filter>
    </ClInclude>
    <ClInclude Include="SaveLevelComponent.h">
      <Filter>Other Files</Filter>
    </ClInclude>
    <ClInclude Include="TestCommand.h">
      <Filter>Other Files</Filter>
    </ClInclude>
  </ItemGroup>
  <ItemGroup>
    <ClCompile Include="RenderComponent.cpp">
      <Filter>Game Files\Components</Filter>
    </ClCompile>
    <ClCompile Include="Component.cpp">
      <Filter>Game Files\Components</Filter>
    </ClCompile>
    <ClCompile Include="FPSComponent.cpp">
      <Filter>Game Files\Components</Filter>
    </ClCompile>
    <ClCompile Include="TextComponent.cpp">
      <Filter>Game Files\Components</Filter>
    </ClCompile>
    <ClCompile Include="imgui.cpp">
      <Filter>Engine Files\Rendering\ImGui Files</Filter>
    </ClCompile>
    <ClCompile Include="imgui_demo.cpp">
      <Filter>Engine Files\Rendering\ImGui Files</Filter>
    </ClCompile>
    <ClCompile Include="imgui_draw.cpp">
      <Filter>Engine Files\Rendering\ImGui Files</Filter>
    </ClCompile>
    <ClCompile Include="imgui_impl_opengl2.cpp">
      <Filter>Engine Files\Rendering\ImGui Files</Filter>
    </ClCompile>
    <ClCompile Include="imgui_impl_sdl2.cpp">
      <Filter>Engine Files\Rendering\ImGui Files</Filter>
    </ClCompile>
    <ClCompile Include="imgui_tables.cpp">
      <Filter>Engine Files\Rendering\ImGui Files</Filter>
    </ClCompile>
    <ClCompile Include="imgui_widgets.cpp">
      <Filter>Engine Files\Rendering\ImGui Files</Filter>
    </ClCompile>
    <ClCompile Include="GameObject.cpp">
      <Filter>Game Files</Filter>
    </ClCompile>
    <ClCompile Include="GraphComponent.cpp">
      <Filter>Game Files\Components</Filter>
    </ClCompile>
    <ClCompile Include="CombinedGraphComponent.cpp">
      <Filter>Game Files\Components</Filter>
    </ClCompile>
    <ClCompile Include="InputManager.cpp">
      <Filter>Engine Files\Input</Filter>
    </ClCompile>
    <ClCompile Include="Font.cpp">
      <Filter>Engine Files\Rendering</Filter>
    </ClCompile>
    <ClCompile Include="Texture2D.cpp">
      <Filter>Engine Files\Rendering</Filter>
    </ClCompile>
    <ClCompile Include="Renderer.cpp">
      <Filter>Engine Files\Rendering</Filter>
    </ClCompile>
    <ClCompile Include="ResourceManager.cpp">
      <Filter>Engine Files\Rendering</Filter>
    </ClCompile>
    <ClCompile Include="Transform.cpp">
      <Filter>Game Files</Filter>
    </ClCompile>
    <ClCompile Include="Scene.cpp">
      <Filter>Engine Files\Scene</Filter>
    </ClCompile>
    <ClCompile Include="SceneManager.cpp">
      <Filter>Engine Files\Scene</Filter>
    </ClCompile>
    <ClCompile Include="imgui_plot.cpp">
      <Filter>Engine Files\Rendering\ImGui Files</Filter>
    </ClCompile>
    <ClCompile Include="Controller.cpp">
      <Filter>Engine Files\Input</Filter>
    </ClCompile>
    <ClCompile Include="Command.cpp">
      <Filter>Engine Files\Input\Commands</Filter>
    </ClCompile>
    <ClCompile Include="Keyboard.cpp">
      <Filter>Engine Files\Input</Filter>
    </ClCompile>
    <ClCompile Include="AnimationComponent.cpp">
      <Filter>Game Files\Components</Filter>
    </ClCompile>
    <ClCompile Include="ToggleMuteCommand.cpp">
      <Filter>Engine Files\Input\Commands</Filter>
    </ClCompile>
    <ClCompile Include="Main.cpp">
      <Filter>Engine Files\MainFiles</Filter>
    </ClCompile>
    <ClCompile Include="SoundSystem.cpp">
      <Filter>SoundSystem</Filter>
    </ClCompile>
    <ClCompile Include="Audio.cpp">
      <Filter>SoundSystem</Filter>
    </ClCompile>
    <ClCompile Include="SDL_SoundSystem.cpp">
      <Filter>SoundSystem</Filter>
    </ClCompile>
    <ClCompile Include="QueueEvent.cpp">
      <Filter>SoundSystem</Filter>
    </ClCompile>
    <ClCompile Include="EventManager.cpp">
      <Filter>SoundSystem</Filter>
    </ClCompile>
    <ClCompile Include="EventListener.cpp">
      <Filter>SoundSystem</Filter>
    </ClCompile>
    <ClCompile Include="EventQueue.cpp">
      <Filter>SoundSystem</Filter>
    </ClCompile>
    <ClCompile Include="Logger.cpp">
      <Filter>SoundSystem\logging</Filter>
    </ClCompile>
    <ClCompile Include="LoggingSystem.cpp">
      <Filter>SoundSystem\logging</Filter>
    </ClCompile>
    <ClCompile Include="staticHeader.cpp">
      <Filter>Engine Files</Filter>
    </ClCompile>
    <ClCompile Include="DelegateBase.cpp">
      <Filter>Engine Files</Filter>
    </ClCompile>
    <ClCompile Include="Command1D.cpp">
      <Filter>Engine Files</Filter>
    </ClCompile>
    <ClCompile Include="Command2D.cpp">
      <Filter>Engine Files</Filter>
    </ClCompile>
    <ClCompile Include="SaveLevelComponent.cpp">
      <Filter>Engine Files</Filter>
    </ClCompile>
    <ClCompile Include="TestCommand.cpp">
      <Filter>Engine Files</Filter>
    </ClCompile>
  </ItemGroup>
</Project>