<?xml version="1.0" encoding="utf-8"?>
<Project ToolsVersion="4.0" xmlns="http://schemas.microsoft.com/developer/msbuild/2003">
  <ItemGroup>
    <Filter Include="Source Files">
      <UniqueIdentifier>{4FC737F1-C7A5-4376-A066-2A32D752A2FF}</UniqueIdentifier>
      <Extensions>cpp;c;cc;cxx;c++;cppm;ixx;def;odl;idl;hpj;bat;asm;asmx</Extensions>
    </Filter>
    <Filter Include="Header Files">
      <UniqueIdentifier>{93995380-89BD-4b04-88EB-625FBE52EBFB}</UniqueIdentifier>
      <Extensions>h;hh;hpp;hxx;h++;hm;inl;inc;ipp;xsd</Extensions>
    </Filter>
    <Filter Include="Resource Files">
      <UniqueIdentifier>{67DA6AB6-F800-4c08-8B7A-83BB121AAD01}</UniqueIdentifier>
      <Extensions>rc;ico;cur;bmp;dlg;rc2;rct;bin;rgs;gif;jpg;jpeg;jpe;resx;tiff;tif;png;wav;mfcribbon-ms</Extensions>
    </Filter>
  </ItemGroup>
  <ItemGroup>
    <ClCompile Include="main.cpp">
      <Filter>Source Files</Filter>
    </ClCompile>
    <ClCompile Include="CollisionComponent.cpp">
      <Filter>Source Files</Filter>
    </ClCompile>
    <ClCompile Include="CollisionWithComponent.cpp">
      <Filter>Source Files</Filter>
    </ClCompile>
    <ClCompile Include="CurseQbertComponent.cpp">
      <Filter>Source Files</Filter>
    </ClCompile>
    <ClCompile Include="DisplayNameComponent.cpp">
      <Filter>Source Files</Filter>
    </ClCompile>
    <ClCompile Include="EnemyJumpComponent.cpp">
      <Filter>Source Files</Filter>
    </ClCompile>
    <ClCompile Include="HighScoreComponent.cpp">
      <Filter>Source Files</Filter>
    </ClCompile>
    <ClCompile Include="JumpAnimationComponent.cpp">
      <Filter>Source Files</Filter>
    </ClCompile>
    <ClCompile Include="LivesComponent.cpp">
      <Filter>Source Files</Filter>
    </ClCompile>
    <ClCompile Include="NextSceneCommand.cpp">
      <Filter>Source Files</Filter>
    </ClCompile>
    <ClCompile Include="RectangleComponent.cpp">
      <Filter>Source Files</Filter>
    </ClCompile>
    <ClCompile Include="RotatingCharacterMoveComponent.cpp">
      <Filter>Source Files</Filter>
    </ClCompile>
    <ClCompile Include="SetPositionCommand.cpp">
      <Filter>Source Files</Filter>
    </ClCompile>
    <ClCompile Include="TimerAndInputComponent.cpp">
      <Filter>Source Files</Filter>
    </ClCompile>
    <ClCompile Include="AddInput.cpp">
      <Filter>Source Files</Filter>
    </ClCompile>
    <ClCompile Include="ChangeSelectionCommand.cpp">
      <Filter>Source Files</Filter>
    </ClCompile>
    <ClCompile Include="FreeFallComponent.cpp">
      <Filter>Source Files</Filter>
    </ClCompile>
    <ClCompile Include="KeyBoardComponent.cpp">
      <Filter>Source Files</Filter>
    </ClCompile>
    <ClCompile Include="LockInCommand.cpp">
      <Filter>Source Files</Filter>
    </ClCompile>
    <ClCompile Include="RotatorComponent.cpp">
      <Filter>Source Files</Filter>
    </ClCompile>
    <ClCompile Include="SkipLevelsCommand.cpp">
      <Filter>Source Files</Filter>
    </ClCompile>
    <ClCompile Include="StartInfoComponent.cpp">
      <Filter>Source Files</Filter>
    </ClCompile>
    <ClCompile Include="TagComponent.cpp">
      <Filter>Source Files</Filter>
    </ClCompile>
    <ClCompile Include="UpdatePositionCommand.cpp">
      <Filter>Source Files</Filter>
    </ClCompile>
    <ClCompile Include="CollsionResponse.cpp">
      <Filter>Source Files</Filter>
    </ClCompile>
    <ClCompile Include="TagManager.cpp">
      <Filter>Source Files</Filter>
    </ClCompile>
    <ClCompile Include="Tags.cpp">
      <Filter>Source Files</Filter>
    </ClCompile>
    <ClCompile Include="DebugRenderComponent.cpp">
      <Filter>Source Files</Filter>
    </ClCompile>
    <ClCompile Include="ChangeModeCommand.cpp">
      <Filter>Source Files</Filter>
    </ClCompile>
    <ClCompile Include="Value2DCommand.cpp">
      <Filter>Source Files</Filter>
    </ClCompile>
    <ClCompile Include="Value1DCommand.cpp">
      <Filter>Source Files</Filter>
    </ClCompile>
    <ClCompile Include="MoveGridCommand.cpp">
      <Filter>Source Files</Filter>
    </ClCompile>
    <ClCompile Include="OpenLevelCommand.cpp">
      <Filter>Source Files</Filter>
    </ClCompile>
    <ClCompile Include="BreakMoveTileCommand.cpp">
      <Filter>Source Files</Filter>
    </ClCompile>
    <ClCompile Include="PengoComponent.cpp">
      <Filter>Source Files</Filter>
    </ClCompile>
    <ClCompile Include="TileComponent.cpp">
      <Filter>Source Files</Filter>
    </ClCompile>
    <ClCompile Include="PengoDirection.cpp">
      <Filter>Source Files</Filter>
    </ClCompile>
  </ItemGroup>
  <ItemGroup>
    <ClInclude Include="CurseQbertComponent.h">
      <Filter>Header Files</Filter>
    </ClInclude>
    <ClInclude Include="DisplayNameComponent.h">
      <Filter>Header Files</Filter>
    </ClInclude>
    <ClInclude Include="EnemyJumpComponent.h">
      <Filter>Header Files</Filter>
    </ClInclude>
    <ClInclude Include="FreeFallComponent.h">
      <Filter>Header Files</Filter>
    </ClInclude>
    <ClInclude Include="HighScoreComponent.h">
      <Filter>Header Files</Filter>
    </ClInclude>
    <ClInclude Include="JumpAnimationComponent.h">
      <Filter>Header Files</Filter>
    </ClInclude>
    <ClInclude Include="LivesComponent.h">
      <Filter>Header Files</Filter>
    </ClInclude>
    <ClInclude Include="RectangleComponent.h">
      <Filter>Header Files</Filter>
    </ClInclude>
    <ClInclude Include="RotatingCharacterMoveComponent.h">
      <Filter>Header Files</Filter>
    </ClInclude>
    <ClInclude Include="TypeOfAi.h">
      <Filter>Header Files</Filter>
    </ClInclude>
    <ClInclude Include="AddInput.h">
      <Filter>Header Files</Filter>
    </ClInclude>
    <ClInclude Include="ChangeSelectionCommand.h">
      <Filter>Header Files</Filter>
    </ClInclude>
    <ClInclude Include="GameMode.h">
      <Filter>Header Files</Filter>
    </ClInclude>
    <ClInclude Include="KeyBoardComponent.h">
      <Filter>Header Files</Filter>
    </ClInclude>
    <ClInclude Include="LockInCommand.h">
      <Filter>Header Files</Filter>
    </ClInclude>
    <ClInclude Include="NextSceneCommand.h">
      <Filter>Header Files</Filter>
    </ClInclude>
    <ClInclude Include="QbertDirection.h">
      <Filter>Header Files</Filter>
    </ClInclude>
    <ClInclude Include="RotatorComponent.h">
      <Filter>Header Files</Filter>
    </ClInclude>
    <ClInclude Include="SetPositionCommand.h">
      <Filter>Header Files</Filter>
    </ClInclude>
    <ClInclude Include="SkipLevelsCommand.h">
      <Filter>Header Files</Filter>
    </ClInclude>
    <ClInclude Include="StartInfoComponent.h">
      <Filter>Header Files</Filter>
    </ClInclude>
    <ClInclude Include="stringAndScoresVariables.h">
      <Filter>Header Files</Filter>
    </ClInclude>
    <ClInclude Include="TagComponent.h">
      <Filter>Header Files</Filter>
    </ClInclude>
    <ClInclude Include="TimerAndInputComponent.h">
      <Filter>Header Files</Filter>
    </ClInclude>
    <ClInclude Include="UpdatePositionCommand.h">
      <Filter>Header Files</Filter>
    </ClInclude>
    <ClInclude Include="Main.h">
      <Filter>Header Files</Filter>
    </ClInclude>
    <ClInclude Include="CollsionResponse.h">
      <Filter>Header Files</Filter>
    </ClInclude>
    <ClInclude Include="Tags.h">
      <Filter>Header Files</Filter>
    </ClInclude>
    <ClInclude Include="TagManager.h">
      <Filter>Header Files</Filter>
    </ClInclude>
    <ClInclude Include="DebugRenderComponent.h">
      <Filter>Header Files</Filter>
    </ClInclude>
    <ClInclude Include="ChangeModeCommand.h">
      <Filter>Header Files</Filter>
    </ClInclude>
    <ClInclude Include="Value2DCommand.h">
      <Filter>Header Files</Filter>
    </ClInclude>
    <ClInclude Include="Value1DCommand.h">
      <Filter>Header Files</Filter>
    </ClInclude>
    <ClInclude Include="MoveGridCommand.h">
      <Filter>Header Files</Filter>
    </ClInclude>
    <ClInclude Include="OpenLevelCommand.h">
      <Filter>Header Files</Filter>
    </ClInclude>
    <ClInclude Include="BreakMoveTileCommand.h">
      <Filter>Header Files</Filter>
    </ClInclude>
    <ClInclude Include="PengoComponent.h">
      <Filter>Header Files</Filter>
    </ClInclude>
    <ClInclude Include="TileComponent.h">
      <Filter>Header Files</Filter>
    </ClInclude>
    <ClInclude Include="PengoDirection.h">
      <Filter>Header Files</Filter>
    </ClInclude>
    <ClInclude Include="TileInfo.h">
      <Filter>Header Files</Filter>
    </ClInclude>
  </ItemGroup>
</Project>